
Microsoft Visual Studio Solution File, Format Version 12.00
# Visual Studio Version 17
VisualStudioVersion = 17.4.33205.214
MinimumVisualStudioVersion = 10.0.40219.1
Project("{9A19103F-16F7-4668-BE54-9A1E7A4F7556}") = "AIKIT", "src\AIKIT.csproj", "{0E3E65C5-ECF8-4153-B73D-782B82BE91E6}"
EndProject
Project("{FAE04EC0-301F-11D3-BF4B-00C04F79EFBC}") = "tests", "tests\tests.csproj", "{51453F6F-8B40-4BC7-8AD5-82BCFCD43602}"
EndProject
Global
	GlobalSection(SolutionConfigurationPlatforms) = preSolution
		Debug|Any CPU = Debug|Any CPU
		Release|Any CPU = Release|Any CPU
	EndGlobalSection
	GlobalSection(ProjectConfigurationPlatforms) = postSolution
		{0E3E65C5-ECF8-4153-B73D-782B82BE91E6}.Debug|Any CPU.ActiveCfg = Debug|Any CPU
		{0E3E65C5-ECF8-4153-B73D-782B82BE91E6}.Debug|Any CPU.Build.0 = Debug|Any CPU
		{0E3E65C5-ECF8-4153-B73D-782B82BE91E6}.Release|Any CPU.ActiveCfg = Release|Any CPU
		{0E3E65C5-ECF8-4153-B73D-782B82BE91E6}.Release|Any CPU.Build.0 = Release|Any CPU
		{51453F6F-8B40-4BC7-8AD5-82BCFCD43602}.Debug|Any CPU.ActiveCfg = Debug|Any CPU
		{51453F6F-8B40-4BC7-8AD5-82BCFCD43602}.Debug|Any CPU.Build.0 = Debug|Any CPU
		{51453F6F-8B40-4BC7-8AD5-82BCFCD43602}.Release|Any CPU.ActiveCfg = Release|Any CPU
		{51453F6F-8B40-4BC7-8AD5-82BCFCD43602}.Release|Any CPU.Build.0 = Release|Any CPU
	EndGlobalSection
	GlobalSection(SolutionProperties) = preSolution
		HideSolutionNode = FALSE
	EndGlobalSection
	GlobalSection(ExtensibilityGlobals) = postSolution
		SolutionGuid = {54AD341C-4E18-4778-9F86-36D3287C727B}
	EndGlobalSection
EndGlobal
